
Microsoft Visual Studio Solution File, Format Version 12.00
# Visual Studio Version 17
VisualStudioVersion = 17.0.31903.59
MinimumVisualStudioVersion = 10.0.40219.1
Project("{FAE04EC0-301F-11D3-BF4B-00C04F79EFBC}") = "3DRetro", "3DRetro.csproj", "{5E1A7246-D31E-4C38-9298-A083D9E8CFF4}"
EndProject
Global
	GlobalSection(SolutionConfigurationPlatforms) = preSolution
		Debug|Any CPU = Debug|Any CPU
		Release|Any CPU = Release|Any CPU
	EndGlobalSection
	GlobalSection(SolutionProperties) = preSolution
		HideSolutionNode = FALSE
	EndGlobalSection
	GlobalSection(ProjectConfigurationPlatforms) = postSolution
		{5E1A7246-D31E-4C38-9298-A083D9E8CFF4}.Debug|Any CPU.ActiveCfg = Debug|Any CPU
		{5E1A7246-D31E-4C38-9298-A083D9E8CFF4}.Debug|Any CPU.Build.0 = Debug|Any CPU
		{5E1A7246-D31E-4C38-9298-A083D9E8CFF4}.Release|Any CPU.ActiveCfg = Debug|Any CPU
		{5E1A7246-D31E-4C38-9298-A083D9E8CFF4}.Release|Any CPU.Build.0 = Debug|Any CPU
	EndGlobalSection
EndGlobal
